{
  "requires": true,
  "lockfileVersion": 1,
  "dependencies": {
    "@hai2007/tool": {
      "version": "0.9.0",
      "resolved": "https://registry.npmjs.org/@hai2007/tool/-/tool-0.9.0.tgz",
      "integrity": "sha512-AF47SAj93EMIbUwAlAL6qKwRje09zxnoJOzYZqOsamWN5uWiYnrhxMezeoMDYlKqYEldqBmyTv5l5wekwnbQSg=="
    },
    "cross-end-canvas": {
      "version": "0.1.0-alpha.1",
      "resolved": "https://registry.npmjs.org/cross-end-canvas/-/cross-end-canvas-0.1.0-alpha.1.tgz",
      "integrity": "sha512-j/w3mXZmxQ26mGER0UYJ5B34hj9la0yusp1pZ4BkUAwyEfH4qF5oDNz/Shz7x8cc3McurTvfFfKhz9JHmACvkQ==",
      "requires": {
        "@hai2007/tool": "^0.9.0"
      }
    }
  }
}
