{
  "requires": true,
  "lockfileVersion": 1,
  "dependencies": {
    "@hai2007/tool": {
      "version": "0.9.0",
      "resolved": "https://registry.npmjs.org/@hai2007/tool/-/tool-0.9.0.tgz",
      "integrity": "sha512-AF47SAj93EMIbUwAlAL6qKwRje09zxnoJOzYZqOsamWN5uWiYnrhxMezeoMDYlKqYEldqBmyTv5l5wekwnbQSg=="
    },
    "cross-end-canvas": {
      "version": "0.1.0-alpha.7",
      "resolved": "https://registry.npmjs.org/cross-end-canvas/-/cross-end-canvas-0.1.0-alpha.7.tgz",
      "integrity": "sha512-1Ex/5uAnnyys/SZdY/Jsiuc3jaiYDQBTwLRUKoKqoB9YQC+TkYpng/OLLQNo2jM67AF61kSIoZUXbFCBZetEdA==",
      "requires": {
        "@hai2007/tool": "^0.9.0"
      }
    }
  }
}
